{
  "name": "hello-world",
  "version": "1.0.0",
  "lockfileVersion": 1,
  "requires": true,
  "dependencies": {
    "elm-http-server": {
      "version": "2.1.0",
      "resolved": "https://registry.npmjs.org/elm-http-server/-/elm-http-server-2.1.0.tgz",
      "integrity": "sha512-43+tWXOa2XSv5duVfslQIvHs4fNU0URfbfiFWwDZvraDmcmFcXOAXwUF1h85axmkIiYDcn1ytZvt3iK0WfMDfA==",
      "requires": {
        "xhr2": "0.1.4"
      }
    },
    "xhr2": {
      "version": "0.1.4",
      "resolved": "https://registry.npmjs.org/xhr2/-/xhr2-0.1.4.tgz",
      "integrity": "sha1-f4dliEdxbbUCYyOBL4GMras4el8="
    }
  }
}
