{
  "name": "hello-world",
  "version": "1.0.0",
  "lockfileVersion": 1,
  "requires": true,
  "dependencies": {
    "elm-http-server": {
      "version": "5.0.0",
      "resolved": "https://registry.npmjs.org/elm-http-server/-/elm-http-server-5.0.0.tgz",
      "integrity": "sha512-eWwYvcsPr5LLJHzCEIAokGA6JX5KCicljuEeq88MT5SqyC9+Rn6GIPTeQmls9FhMNh++OsPjjw/FPU7CQDEffA==",
      "requires": {
        "xhr2": "0.1.4"
      }
    },
    "xhr2": {
      "version": "0.1.4",
      "resolved": "https://registry.npmjs.org/xhr2/-/xhr2-0.1.4.tgz",
      "integrity": "sha1-f4dliEdxbbUCYyOBL4GMras4el8="
    }
  }
}
