{
  "name": "hello-world",
  "version": "1.0.0",
  "lockfileVersion": 1,
  "requires": true,
  "dependencies": {
    "elm-http-server": {
      "version": "4.0.0",
      "resolved": "https://registry.npmjs.org/elm-http-server/-/elm-http-server-4.0.0.tgz",
      "integrity": "sha512-hLaR2dKsOgrwowYTB5dz89mnADJzNyzSxvF8DAgVNPErIaJL5ybENsfmRMside4rdtBFN5G5na7yTUidZ0zsfA==",
      "requires": {
        "xhr2": "0.1.4"
      }
    },
    "xhr2": {
      "version": "0.1.4",
      "resolved": "https://registry.npmjs.org/xhr2/-/xhr2-0.1.4.tgz",
      "integrity": "sha1-f4dliEdxbbUCYyOBL4GMras4el8="
    }
  }
}
